{
  "name": "phantomjs",
  "version": "1.0.0",
  "lockfileVersion": 1,
  "requires": true,
  "dependencies": {
    "casper": {
      "version": "0.1.1",
      "resolved": "https://registry.npm.taobao.org/casper/download/casper-0.1.1.tgz",
      "integrity": "sha1-qerPJphq2twtvHFxtufOtIZnoPc="
    },
    "system": {
      "version": "2.0.1",
      "resolved": "https://registry.npm.taobao.org/system/download/system-2.0.1.tgz",
      "integrity": "sha1-0mqFE17n824FTn8O7ERn87Hdl0I="
    },
    "webpage": {
      "version": "0.3.0",
      "resolved": "https://registry.npm.taobao.org/webpage/download/webpage-0.3.0.tgz",
      "integrity": "sha1-FcjJnoIrSZ6Zga5odlObQjRIuOc="
    }
  }
}
